
Microsoft Visual Studio Solution File, Format Version 12.00
# Visual Studio Version 17
VisualStudioVersion = 17.2.32616.157
MinimumVisualStudioVersion = 10.0.40219.1
Project("{FAE04EC0-301F-11D3-BF4B-00C04F79EFBC}") = "GraphTheory-Project1", "GraphTheory-Project1\GraphTheory-Project1.csproj", "{134E0757-85D9-4DB9-8107-5F5D9F7D07D5}"
EndProject
Global
	GlobalSection(SolutionConfigurationPlatforms) = preSolution
		Debug|Any CPU = Debug|Any CPU
		Release|Any CPU = Release|Any CPU
	EndGlobalSection
	GlobalSection(ProjectConfigurationPlatforms) = postSolution
		{134E0757-85D9-4DB9-8107-5F5D9F7D07D5}.Debug|Any CPU.ActiveCfg = Debug|Any CPU
		{134E0757-85D9-4DB9-8107-5F5D9F7D07D5}.Debug|Any CPU.Build.0 = Debug|Any CPU
		{134E0757-85D9-4DB9-8107-5F5D9F7D07D5}.Release|Any CPU.ActiveCfg = Release|Any CPU
		{134E0757-85D9-4DB9-8107-5F5D9F7D07D5}.Release|Any CPU.Build.0 = Release|Any CPU
	EndGlobalSection
	GlobalSection(SolutionProperties) = preSolution
		HideSolutionNode = FALSE
	EndGlobalSection
	GlobalSection(ExtensibilityGlobals) = postSolution
		SolutionGuid = {BB53B663-F234-43D4-9748-0692980BC22D}
	EndGlobalSection
EndGlobal
