
Microsoft Visual Studio Solution File, Format Version 12.00
# Visual Studio Version 17
VisualStudioVersion = 17.2.32616.157
MinimumVisualStudioVersion = 10.0.40219.1
Project("{FAE04EC0-301F-11D3-BF4B-00C04F79EFBC}") = "Bai2", "Bai2\Bai2.csproj", "{AA4931D4-7D48-4BB7-840A-DE5602C1215E}"
EndProject
Global
	GlobalSection(SolutionConfigurationPlatforms) = preSolution
		Debug|Any CPU = Debug|Any CPU
		Release|Any CPU = Release|Any CPU
	EndGlobalSection
	GlobalSection(ProjectConfigurationPlatforms) = postSolution
		{AA4931D4-7D48-4BB7-840A-DE5602C1215E}.Debug|Any CPU.ActiveCfg = Debug|Any CPU
		{AA4931D4-7D48-4BB7-840A-DE5602C1215E}.Debug|Any CPU.Build.0 = Debug|Any CPU
		{AA4931D4-7D48-4BB7-840A-DE5602C1215E}.Release|Any CPU.ActiveCfg = Release|Any CPU
		{AA4931D4-7D48-4BB7-840A-DE5602C1215E}.Release|Any CPU.Build.0 = Release|Any CPU
	EndGlobalSection
	GlobalSection(SolutionProperties) = preSolution
		HideSolutionNode = FALSE
	EndGlobalSection
	GlobalSection(ExtensibilityGlobals) = postSolution
		SolutionGuid = {912BDD13-E4E6-4F3F-A199-A6BAAE61180C}
	EndGlobalSection
EndGlobal
